// !$*UTF8*$!
{
	archiveVersion = 1;
	classes = {
	};
	objectVersion = 46;
	objects = {

/* Begin PBXBuildFile section */
		4B7E5CB82034E12D00E6919C /* AppDelegate.swift in Sources */ = {isa = PBXBuildFile; fileRef = 4B7E5CB72034E12D00E6919C /* AppDelegate.swift */; };
		4B7E5CBA2034E12D00E6919C /* ViewController.swift in Sources */ = {isa = PBXBuildFile; fileRef = 4B7E5CB92034E12D00E6919C /* ViewController.swift */; };
		4B7E5CBD2034E12D00E6919C /* Main.storyboard in Resources */ = {isa = PBXBuildFile; fileRef = 4B7E5CBB2034E12D00E6919C /* Main.storyboard */; };
		4B7E5CBF2034E12D00E6919C /* Assets.xcassets in Resources */ = {isa = PBXBuildFile; fileRef = 4B7E5CBE2034E12D00E6919C /* Assets.xcassets */; };
		4B7E5CC22034E12D00E6919C /* LaunchScreen.storyboard in Resources */ = {isa = PBXBuildFile; fileRef = 4B7E5CC02034E12D00E6919C /* LaunchScreen.storyboard */; };
		4B7E5CCD2034E12D00E6919C /* LayoutExcersizeTests.swift in Sources */ = {isa = PBXBuildFile; fileRef = 4B7E5CCC2034E12D00E6919C /* LayoutExcersizeTests.swift */; };
		4B7E5CD82034E12D00E6919C /* LayoutExcersizeUITests.swift in Sources */ = {isa = PBXBuildFile; fileRef = 4B7E5CD72034E12D00E6919C /* LayoutExcersizeUITests.swift */; };
/* End PBXBuildFile section */

/* Begin PBXContainerItemProxy section */
		4B7E5CC92034E12D00E6919C /* PBXContainerItemProxy */ = {
			isa = PBXContainerItemProxy;
			containerPortal = 4B7E5CAC2034E12D00E6919C /* Project object */;
			proxyType = 1;
			remoteGlobalIDString = 4B7E5CB32034E12D00E6919C;
			remoteInfo = LayoutExcersize;
		};
		4B7E5CD42034E12D00E6919C /* PBXContainerItemProxy */ = {
			isa = PBXContainerItemProxy;
			containerPortal = 4B7E5CAC2034E12D00E6919C /* Project object */;
			proxyType = 1;
			remoteGlobalIDString = 4B7E5CB32034E12D00E6919C;
			remoteInfo = LayoutExcersize;
		};
/* End PBXContainerItemProxy section */

/* Begin PBXFileReference section */
		4B7E5CB42034E12D00E6919C /* LayoutExcersize.app */ = {isa = PBXFileReference; explicitFileType = wrapper.application; includeInIndex = 0; path = LayoutExcersize.app; sourceTree = BUILT_PRODUCTS_DIR; };
		4B7E5CB72034E12D00E6919C /* AppDelegate.swift */ = {isa = PBXFileReference; lastKnownFileType = sourcecode.swift; path = AppDelegate.swift; sourceTree = "<group>"; };
		4B7E5CB92034E12D00E6919C /* ViewController.swift */ = {isa = PBXFileReference; lastKnownFileType = sourcecode.swift; path = ViewController.swift; sourceTree = "<group>"; };
		4B7E5CBC2034E12D00E6919C /* Base */ = {isa = PBXFileReference; lastKnownFileType = file.storyboard; name = Base; path = Base.lproj/Main.storyboard; sourceTree = "<group>"; };
		4B7E5CBE2034E12D00E6919C /* Assets.xcassets */ = {isa = PBXFileReference; lastKnownFileType = folder.assetcatalog; path = Assets.xcassets; sourceTree = "<group>"; };
		4B7E5CC12034E12D00E6919C /* Base */ = {isa = PBXFileReference; lastKnownFileType = file.storyboard; name = Base; path = Base.lproj/LaunchScreen.storyboard; sourceTree = "<group>"; };
		4B7E5CC32034E12D00E6919C /* Info.plist */ = {isa = PBXFileReference; lastKnownFileType = text.plist.xml; path = Info.plist; sourceTree = "<group>"; };
		4B7E5CC82034E12D00E6919C /* LayoutExcersizeTests.xctest */ = {isa = PBXFileReference; explicitFileType = wrapper.cfbundle; includeInIndex = 0; path = LayoutExcersizeTests.xctest; sourceTree = BUILT_PRODUCTS_DIR; };
		4B7E5CCC2034E12D00E6919C /* LayoutExcersizeTests.swift */ = {isa = PBXFileReference; lastKnownFileType = sourcecode.swift; path = LayoutExcersizeTests.swift; sourceTree = "<group>"; };
		4B7E5CCE2034E12D00E6919C /* Info.plist */ = {isa = PBXFileReference; lastKnownFileType = text.plist.xml; path = Info.plist; sourceTree = "<group>"; };
		4B7E5CD32034E12D00E6919C /* LayoutExcersizeUITests.xctest */ = {isa = PBXFileReference; explicitFileType = wrapper.cfbundle; includeInIndex = 0; path = LayoutExcersizeUITests.xctest; sourceTree = BUILT_PRODUCTS_DIR; };
		4B7E5CD72034E12D00E6919C /* LayoutExcersizeUITests.swift */ = {isa = PBXFileReference; lastKnownFileType = sourcecode.swift; path = LayoutExcersizeUITests.swift; sourceTree = "<group>"; };
		4B7E5CD92034E12D00E6919C /* Info.plist */ = {isa = PBXFileReference; lastKnownFileType = text.plist.xml; path = Info.plist; sourceTree = "<group>"; };
/* End PBXFileReference section */

/* Begin PBXFrameworksBuildPhase section */
		4B7E5CB12034E12D00E6919C /* Frameworks */ = {
			isa = PBXFrameworksBuildPhase;
			buildActionMask = 2147483647;
			files = (
			);
			runOnlyForDeploymentPostprocessing = 0;
		};
		4B7E5CC52034E12D00E6919C /* Frameworks */ = {
			isa = PBXFrameworksBuildPhase;
			buildActionMask = 2147483647;
			files = (
			);
			runOnlyForDeploymentPostprocessing = 0;
		};
		4B7E5CD02034E12D00E6919C /* Frameworks */ = {
			isa = PBXFrameworksBuildPhase;
			buildActionMask = 2147483647;
			files = (
			);
			runOnlyForDeploymentPostprocessing = 0;
		};
/* End PBXFrameworksBuildPhase section */

/* Begin PBXGroup section */
		4B7E5CAB2034E12D00E6919C = {
			isa = PBXGroup;
			children = (
				4B7E5CB62034E12D00E6919C /* LayoutExcersize */,
				4B7E5CCB2034E12D00E6919C /* LayoutExcersizeTests */,
				4B7E5CD62034E12D00E6919C /* LayoutExcersizeUITests */,
				4B7E5CB52034E12D00E6919C /* Products */,
			);
			sourceTree = "<group>";
		};
		4B7E5CB52034E12D00E6919C /* Products */ = {
			isa = PBXGroup;
			children = (
				4B7E5CB42034E12D00E6919C /* LayoutExcersize.app */,
				4B7E5CC82034E12D00E6919C /* LayoutExcersizeTests.xctest */,
				4B7E5CD32034E12D00E6919C /* LayoutExcersizeUITests.xctest */,
			);
			name = Products;
			sourceTree = "<group>";
		};
		4B7E5CB62034E12D00E6919C /* LayoutExcersize */ = {
			isa = PBXGroup;
			children = (
				4B7E5CB72034E12D00E6919C /* AppDelegate.swift */,
				4B7E5CB92034E12D00E6919C /* ViewController.swift */,
				4B7E5CBB2034E12D00E6919C /* Main.storyboard */,
				4B7E5CBE2034E12D00E6919C /* Assets.xcassets */,
				4B7E5CC02034E12D00E6919C /* LaunchScreen.storyboard */,
				4B7E5CC32034E12D00E6919C /* Info.plist */,
			);
			path = LayoutExcersize;
			sourceTree = "<group>";
		};
		4B7E5CCB2034E12D00E6919C /* LayoutExcersizeTests */ = {
			isa = PBXGroup;
			children = (
				4B7E5CCC2034E12D00E6919C /* LayoutExcersizeTests.swift */,
				4B7E5CCE2034E12D00E6919C /* Info.plist */,
			);
			path = LayoutExcersizeTests;
			sourceTree = "<group>";
		};
		4B7E5CD62034E12D00E6919C /* LayoutExcersizeUITests */ = {
			isa = PBXGroup;
			children = (
				4B7E5CD72034E12D00E6919C /* LayoutExcersizeUITests.swift */,
				4B7E5CD92034E12D00E6919C /* Info.plist */,
			);
			path = LayoutExcersizeUITests;
			sourceTree = "<group>";
		};
/* End PBXGroup section */

/* Begin PBXNativeTarget section */
		4B7E5CB32034E12D00E6919C /* LayoutExcersize */ = {
			isa = PBXNativeTarget;
			buildConfigurationList = 4B7E5CDC2034E12D00E6919C /* Build configuration list for PBXNativeTarget "LayoutExcersize" */;
			buildPhases = (
				4B7E5CB02034E12D00E6919C /* Sources */,
				4B7E5CB12034E12D00E6919C /* Frameworks */,
				4B7E5CB22034E12D00E6919C /* Resources */,
			);
			buildRules = (
			);
			dependencies = (
			);
			name = LayoutExcersize;
			productName = LayoutExcersize;
			productReference = 4B7E5CB42034E12D00E6919C /* LayoutExcersize.app */;
			productType = "com.apple.product-type.application";
		};
		4B7E5CC72034E12D00E6919C /* LayoutExcersizeTests */ = {
			isa = PBXNativeTarget;
			buildConfigurationList = 4B7E5CDF2034E12D00E6919C /* Build configuration list for PBXNativeTarget "LayoutExcersizeTests" */;
			buildPhases = (
				4B7E5CC42034E12D00E6919C /* Sources */,
				4B7E5CC52034E12D00E6919C /* Frameworks */,
				4B7E5CC62034E12D00E6919C /* Resources */,
			);
			buildRules = (
			);
			dependencies = (
				4B7E5CCA2034E12D00E6919C /* PBXTargetDependency */,
			);
			name = LayoutExcersizeTests;
			productName = LayoutExcersizeTests;
			productReference = 4B7E5CC82034E12D00E6919C /* LayoutExcersizeTests.xctest */;
			productType = "com.apple.product-type.bundle.unit-test";
		};
		4B7E5CD22034E12D00E6919C /* LayoutExcersizeUITests */ = {
			isa = PBXNativeTarget;
			buildConfigurationList = 4B7E5CE22034E12D00E6919C /* Build configuration list for PBXNativeTarget "LayoutExcersizeUITests" */;
			buildPhases = (
				4B7E5CCF2034E12D00E6919C /* Sources */,
				4B7E5CD02034E12D00E6919C /* Frameworks */,
				4B7E5CD12034E12D00E6919C /* Resources */,
			);
			buildRules = (
			);
			dependencies = (
				4B7E5CD52034E12D00E6919C /* PBXTargetDependency */,
			);
			name = LayoutExcersizeUITests;
			productName = LayoutExcersizeUITests;
			productReference = 4B7E5CD32034E12D00E6919C /* LayoutExcersizeUITests.xctest */;
			productType = "com.apple.product-type.bundle.ui-testing";
		};
/* End PBXNativeTarget section */

/* Begin PBXProject section */
		4B7E5CAC2034E12D00E6919C /* Project object */ = {
			isa = PBXProject;
			attributes = {
				LastSwiftUpdateCheck = 0830;
				LastUpgradeCheck = 0830;
				ORGANIZATIONNAME = "Javier Perez";
				TargetAttributes = {
					4B7E5CB32034E12D00E6919C = {
						CreatedOnToolsVersion = 8.3.3;
						ProvisioningStyle = Automatic;
					};
					4B7E5CC72034E12D00E6919C = {
						CreatedOnToolsVersion = 8.3.3;
						ProvisioningStyle = Automatic;
						TestTargetID = 4B7E5CB32034E12D00E6919C;
					};
					4B7E5CD22034E12D00E6919C = {
						CreatedOnToolsVersion = 8.3.3;
						ProvisioningStyle = Automatic;
						TestTargetID = 4B7E5CB32034E12D00E6919C;
					};
				};
			};
			buildConfigurationList = 4B7E5CAF2034E12D00E6919C /* Build configuration list for PBXProject "LayoutExcersize" */;
			compatibilityVersion = "Xcode 3.2";
			developmentRegion = English;
			hasScannedForEncodings = 0;
			knownRegions = (
				en,
				Base,
			);
			mainGroup = 4B7E5CAB2034E12D00E6919C;
			productRefGroup = 4B7E5CB52034E12D00E6919C /* Products */;
			projectDirPath = "";
			projectRoot = "";
			targets = (
				4B7E5CB32034E12D00E6919C /* LayoutExcersize */,
				4B7E5CC72034E12D00E6919C /* LayoutExcersizeTests */,
				4B7E5CD22034E12D00E6919C /* LayoutExcersizeUITests */,
			);
		};
/* End PBXProject section */

/* Begin PBXResourcesBuildPhase section */
		4B7E5CB22034E12D00E6919C /* Resources */ = {
			isa = PBXResourcesBuildPhase;
			buildActionMask = 2147483647;
			files = (
				4B7E5CC22034E12D00E6919C /* LaunchScreen.storyboard in Resources */,
				4B7E5CBF2034E12D00E6919C /* Assets.xcassets in Resources */,
				4B7E5CBD2034E12D00E6919C /* Main.storyboard in Resources */,
			);
			runOnlyForDeploymentPostprocessing = 0;
		};
		4B7E5CC62034E12D00E6919C /* Resources */ = {
			isa = PBXResourcesBuildPhase;
			buildActionMask = 2147483647;
			files = (
			);
			runOnlyForDeploymentPostprocessing = 0;
		};
		4B7E5CD12034E12D00E6919C /* Resources */ = {
			isa = PBXResourcesBuildPhase;
			buildActionMask = 2147483647;
			files = (
			);
			runOnlyForDeploymentPostprocessing = 0;
		};
/* End PBXResourcesBuildPhase section */

/* Begin PBXSourcesBuildPhase section */
		4B7E5CB02034E12D00E6919C /* Sources */ = {
			isa = PBXSourcesBuildPhase;
			buildActionMask = 2147483647;
			files = (
				4B7E5CBA2034E12D00E6919C /* ViewController.swift in Sources */,
				4B7E5CB82034E12D00E6919C /* AppDelegate.swift in Sources */,
			);
			runOnlyForDeploymentPostprocessing = 0;
		};
		4B7E5CC42034E12D00E6919C /* Sources */ = {
			isa = PBXSourcesBuildPhase;
			buildActionMask = 2147483647;
			files = (
				4B7E5CCD2034E12D00E6919C /* LayoutExcersizeTests.swift in Sources */,
			);
			runOnlyForDeploymentPostprocessing = 0;
		};
		4B7E5CCF2034E12D00E6919C /* Sources */ = {
			isa = PBXSourcesBuildPhase;
			buildActionMask = 2147483647;
			files = (
				4B7E5CD82034E12D00E6919C /* LayoutExcersizeUITests.swift in Sources */,
			);
			runOnlyForDeploymentPostprocessing = 0;
		};
/* End PBXSourcesBuildPhase section */

/* Begin PBXTargetDependency section */
		4B7E5CCA2034E12D00E6919C /* PBXTargetDependency */ = {
			isa = PBXTargetDependency;
			target = 4B7E5CB32034E12D00E6919C /* LayoutExcersize */;
			targetProxy = 4B7E5CC92034E12D00E6919C /* PBXContainerItemProxy */;
		};
		4B7E5CD52034E12D00E6919C /* PBXTargetDependency */ = {
			isa = PBXTargetDependency;
			target = 4B7E5CB32034E12D00E6919C /* LayoutExcersize */;
			targetProxy = 4B7E5CD42034E12D00E6919C /* PBXContainerItemProxy */;
		};
/* End PBXTargetDependency section */

/* Begin PBXVariantGroup section */
		4B7E5CBB2034E12D00E6919C /* Main.storyboard */ = {
			isa = PBXVariantGroup;
			children = (
				4B7E5CBC2034E12D00E6919C /* Base */,
			);
			name = Main.storyboard;
			sourceTree = "<group>";
		};
		4B7E5CC02034E12D00E6919C /* LaunchScreen.storyboard */ = {
			isa = PBXVariantGroup;
			children = (
				4B7E5CC12034E12D00E6919C /* Base */,
			);
			name = LaunchScreen.storyboard;
			sourceTree = "<group>";
		};
/* End PBXVariantGroup section */

/* Begin XCBuildConfiguration section */
		4B7E5CDA2034E12D00E6919C /* Debug */ = {
			isa = XCBuildConfiguration;
			buildSettings = {
				ALWAYS_SEARCH_USER_PATHS = NO;
				CLANG_ANALYZER_NONNULL = YES;
				CLANG_ANALYZER_NUMBER_OBJECT_CONVERSION = YES_AGGRESSIVE;
				CLANG_CXX_LANGUAGE_STANDARD = "gnu++0x";
				CLANG_CXX_LIBRARY = "libc++";
				CLANG_ENABLE_MODULES = YES;
				CLANG_ENABLE_OBJC_ARC = YES;
				CLANG_WARN_BOOL_CONVERSION = YES;
				CLANG_WARN_CONSTANT_CONVERSION = YES;
				CLANG_WARN_DIRECT_OBJC_ISA_USAGE = YES_ERROR;
				CLANG_WARN_DOCUMENTATION_COMMENTS = YES;
				CLANG_WARN_EMPTY_BODY = YES;
				CLANG_WARN_ENUM_CONVERSION = YES;
				CLANG_WARN_INFINITE_RECURSION = YES;
				CLANG_WARN_INT_CONVERSION = YES;
				CLANG_WARN_OBJC_ROOT_CLASS = YES_ERROR;
				CLANG_WARN_SUSPICIOUS_MOVE = YES;
				CLANG_WARN_UNREACHABLE_CODE = YES;
				CLANG_WARN__DUPLICATE_METHOD_MATCH = YES;
				"CODE_SIGN_IDENTITY[sdk=iphoneos*]" = "iPhone Developer";
				COPY_PHASE_STRIP = NO;
				DEBUG_INFORMATION_FORMAT = dwarf;
				ENABLE_STRICT_OBJC_MSGSEND = YES;
				ENABLE_TESTABILITY = YES;
				GCC_C_LANGUAGE_STANDARD = gnu99;
				GCC_DYNAMIC_NO_PIC = NO;
				GCC_NO_COMMON_BLOCKS = YES;
				GCC_OPTIMIZATION_LEVEL = 0;
				GCC_PREPROCESSOR_DEFINITIONS = (
					"DEBUG=1",
					"$(inherited)",
				);
				GCC_WARN_64_TO_32_BIT_CONVERSION = YES;
				GCC_WARN_ABOUT_RETURN_TYPE = YES_ERROR;
				GCC_WARN_UNDECLARED_SELECTOR = YES;
				GCC_WARN_UNINITIALIZED_AUTOS = YES_AGGRESSIVE;
				GCC_WARN_UNUSED_FUNCTION = YES;
				GCC_WARN_UNUSED_VARIABLE = YES;
				IPHONEOS_DEPLOYMENT_TARGET = 10.3;
				MTL_ENABLE_DEBUG_INFO = YES;
				ONLY_ACTIVE_ARCH = YES;
				SDKROOT = iphoneos;
				SWIFT_ACTIVE_COMPILATION_CONDITIONS = DEBUG;
				SWIFT_OPTIMIZATION_LEVEL = "-Onone";
				TARGETED_DEVICE_FAMILY = "1,2";
			};
			name = Debug;
		};
		4B7E5CDB2034E12D00E6919C /* Release */ = {
			isa = XCBuildConfiguration;
			buildSettings = {
				ALWAYS_SEARCH_USER_PATHS = NO;
				CLANG_ANALYZER_NONNULL = YES;
				CLANG_ANALYZER_NUMBER_OBJECT_CONVERSION = YES_AGGRESSIVE;
				CLANG_CXX_LANGUAGE_STANDARD = "gnu++0x";
				CLANG_CXX_LIBRARY = "libc++";
				CLANG_ENABLE_MODULES = YES;
				CLANG_ENABLE_OBJC_ARC = YES;
				CLANG_WARN_BOOL_CONVERSION = YES;
				CLANG_WARN_CONSTANT_CONVERSION = YES;
				CLANG_WARN_DIRECT_OBJC_ISA_USAGE = YES_ERROR;
				CLANG_WARN_DOCUMENTATION_COMMENTS = YES;
				CLANG_WARN_EMPTY_BODY = YES;
				CLANG_WARN_ENUM_CONVERSION = YES;
				CLANG_WARN_INFINITE_RECURSION = YES;
				CLANG_WARN_INT_CONVERSION = YES;
				CLANG_WARN_OBJC_ROOT_CLASS = YES_ERROR;
				CLANG_WARN_SUSPICIOUS_MOVE = YES;
				CLANG_WARN_UNREACHABLE_CODE = YES;
				CLANG_WARN__DUPLICATE_METHOD_MATCH = YES;
				"CODE_SIGN_IDENTITY[sdk=iphoneos*]" = "iPhone Developer";
				COPY_PHASE_STRIP = NO;
				DEBUG_INFORMATION_FORMAT = "dwarf-with-dsym";
				ENABLE_NS_ASSERTIONS = NO;
				ENABLE_STRICT_OBJC_MSGSEND = YES;
				GCC_C_LANGUAGE_STANDARD = gnu99;
				GCC_NO_COMMON_BLOCKS = YES;
				GCC_WARN_64_TO_32_BIT_CONVERSION = YES;
				GCC_WARN_ABOUT_RETURN_TYPE = YES_ERROR;
				GCC_WARN_UNDECLARED_SELECTOR = YES;
				GCC_WARN_UNINITIALIZED_AUTOS = YES_AGGRESSIVE;
				GCC_WARN_UNUSED_FUNCTION = YES;
				GCC_WARN_UNUSED_VARIABLE = YES;
				IPHONEOS_DEPLOYMENT_TARGET = 10.3;
				MTL_ENABLE_DEBUG_INFO = NO;
				SDKROOT = iphoneos;
				SWIFT_OPTIMIZATION_LEVEL = "-Owholemodule";
				TARGETED_DEVICE_FAMILY = "1,2";
				VALIDATE_PRODUCT = YES;
			};
			name = Release;
		};
		4B7E5CDD2034E12D00E6919C /* Debug */ = {
			isa = XCBuildConfiguration;
			buildSettings = {
				ASSETCATALOG_COMPILER_APPICON_NAME = AppIcon;
				INFOPLIST_FILE = LayoutExcersize/Info.plist;
				LD_RUNPATH_SEARCH_PATHS = "$(inherited) @executable_path/Frameworks";
				PRODUCT_BUNDLE_IDENTIFIER = com.company.jperez.LayoutExcersize;
				PRODUCT_NAME = "$(TARGET_NAME)";
				SWIFT_VERSION = 3.0;
			};
			name = Debug;
		};
		4B7E5CDE2034E12D00E6919C /* Release */ = {
			isa = XCBuildConfiguration;
			buildSettings = {
				ASSETCATALOG_COMPILER_APPICON_NAME = AppIcon;
				INFOPLIST_FILE = LayoutExcersize/Info.plist;
				LD_RUNPATH_SEARCH_PATHS = "$(inherited) @executable_path/Frameworks";
				PRODUCT_BUNDLE_IDENTIFIER = com.company.jperez.LayoutExcersize;
				PRODUCT_NAME = "$(TARGET_NAME)";
				SWIFT_VERSION = 3.0;
			};
			name = Release;
		};
		4B7E5CE02034E12D00E6919C /* Debug */ = {
			isa = XCBuildConfiguration;
			buildSettings = {
				ALWAYS_EMBED_SWIFT_STANDARD_LIBRARIES = YES;
				BUNDLE_LOADER = "$(TEST_HOST)";
				INFOPLIST_FILE = LayoutExcersizeTests/Info.plist;
				LD_RUNPATH_SEARCH_PATHS = "$(inherited) @executable_path/Frameworks @loader_path/Frameworks";
				PRODUCT_BUNDLE_IDENTIFIER = com.company.jperez.LayoutExcersizeTests;
				PRODUCT_NAME = "$(TARGET_NAME)";
				SWIFT_VERSION = 3.0;
				TEST_HOST = "$(BUILT_PRODUCTS_DIR)/LayoutExcersize.app/LayoutExcersize";
			};
			name = Debug;
		};
		4B7E5CE12034E12D00E6919C /* Release */ = {
			isa = XCBuildConfiguration;
			buildSettings = {
				ALWAYS_EMBED_SWIFT_STANDARD_LIBRARIES = YES;
				BUNDLE_LOADER = "$(TEST_HOST)";
				INFOPLIST_FILE = LayoutExcersizeTests/Info.plist;
				LD_RUNPATH_SEARCH_PATHS = "$(inherited) @executable_path/Frameworks @loader_path/Frameworks";
				PRODUCT_BUNDLE_IDENTIFIER = com.company.jperez.LayoutExcersizeTests;
				PRODUCT_NAME = "$(TARGET_NAME)";
				SWIFT_VERSION = 3.0;
				TEST_HOST = "$(BUILT_PRODUCTS_DIR)/LayoutExcersize.app/LayoutExcersize";
			};
			name = Release;
		};
		4B7E5CE32034E12D00E6919C /* Debug */ = {
			isa = XCBuildConfiguration;
			buildSettings = {
				ALWAYS_EMBED_SWIFT_STANDARD_LIBRARIES = YES;
				INFOPLIST_FILE = LayoutExcersizeUITests/Info.plist;
				LD_RUNPATH_SEARCH_PATHS = "$(inherited) @executable_path/Frameworks @loader_path/Frameworks";
				PRODUCT_BUNDLE_IDENTIFIER = com.company.jperez.LayoutExcersizeUITests;
				PRODUCT_NAME = "$(TARGET_NAME)";
				SWIFT_VERSION = 3.0;
				TEST_TARGET_NAME = LayoutExcersize;
			};
			name = Debug;
		};
		4B7E5CE42034E12D00E6919C /* Release */ = {
			isa = XCBuildConfiguration;
			buildSettings = {
				ALWAYS_EMBED_SWIFT_STANDARD_LIBRARIES = YES;
				INFOPLIST_FILE = LayoutExcersizeUITests/Info.plist;
				LD_RUNPATH_SEARCH_PATHS = "$(inherited) @executable_path/Frameworks @loader_path/Frameworks";
				PRODUCT_BUNDLE_IDENTIFIER = com.company.jperez.LayoutExcersizeUITests;
				PRODUCT_NAME = "$(TARGET_NAME)";
				SWIFT_VERSION = 3.0;
				TEST_TARGET_NAME = LayoutExcersize;
			};
			name = Release;
		};
/* End XCBuildConfiguration section */

/* Begin XCConfigurationList section */
		4B7E5CAF2034E12D00E6919C /* Build configuration list for PBXProject "LayoutExcersize" */ = {
			isa = XCConfigurationList;
			buildConfigurations = (
				4B7E5CDA2034E12D00E6919C /* Debug */,
				4B7E5CDB2034E12D00E6919C /* Release */,
			);
			defaultConfigurationIsVisible = 0;
			defaultConfigurationName = Release;
		};
		4B7E5CDC2034E12D00E6919C /* Build configuration list for PBXNativeTarget "LayoutExcersize" */ = {
			isa = XCConfigurationList;
			buildConfigurations = (
				4B7E5CDD2034E12D00E6919C /* Debug */,
				4B7E5CDE2034E12D00E6919C /* Release */,
			);
			defaultConfigurationIsVisible = 0;
		};
		4B7E5CDF2034E12D00E6919C /* Build configuration list for PBXNativeTarget "LayoutExcersizeTests" */ = {
			isa = XCConfigurationList;
			buildConfigurations = (
				4B7E5CE02034E12D00E6919C /* Debug */,
				4B7E5CE12034E12D00E6919C /* Release */,
			);
			defaultConfigurationIsVisible = 0;
		};
		4B7E5CE22034E12D00E6919C /* Build configuration list for PBXNativeTarget "LayoutExcersizeUITests" */ = {
			isa = XCConfigurationList;
			buildConfigurations = (
				4B7E5CE32034E12D00E6919C /* Debug */,
				4B7E5CE42034E12D00E6919C /* Release */,
			);
			defaultConfigurationIsVisible = 0;
		};
/* End XCConfigurationList section */
	};
	rootObject = 4B7E5CAC2034E12D00E6919C /* Project object */;
}
